{
  "name": "task_3",
  "lockfileVersion": 3,
  "requires": true,
  "packages": {
    "": {
      "dependencies": {
        "redux-devtools-extension": "^2.13.9",
        "redux-thunk": "^3.1.0"
      }
    },
    "node_modules/redux-devtools-extension": {
      "version": "2.13.9",
      "resolved": "https://registry.npmjs.org/redux-devtools-extension/-/redux-devtools-extension-2.13.9.tgz",
      "integrity": "sha512-cNJ8Q/EtjhQaZ71c8I9+BPySIBVEKssbPpskBfsXqb8HJ002A3KRVHfeRzwRo6mGPqsm7XuHTqNSNeS1Khig0A==",
      "deprecated": "Package moved to @redux-devtools/extension.",
      "license": "MIT",
      "peerDependencies": {
        "redux": "^3.1.0 || ^4.0.0"
      }
    },
    "node_modules/redux-thunk": {
      "version": "3.1.0",
      "resolved": "https://registry.npmjs.org/redux-thunk/-/redux-thunk-3.1.0.tgz",
      "integrity": "sha512-NW2r5T6ksUKXCabzhL9z+h206HQw/NJkcLm1GPImRQ8IzfXwRGqjVhKJGauHirT0DAuyy6hjdnMZaRoAcy0Klw==",
      "license": "MIT",
      "peerDependencies": {
        "redux": "^5.0.0"
      }
    }
  }
}
